
Microsoft Visual Studio Solution File, Format Version 12.00
# Visual Studio 15
VisualStudioVersion = 15.0.28307.902
MinimumVisualStudioVersion = 10.0.40219.1
Project("{FAE04EC0-301F-11D3-BF4B-00C04F79EFBC}") = "Crypto", "Crypto\Crypto.csproj", "{BC78AAE0-BF7B-4329-889D-AC4BDFC0853A}"
EndProject
Global
	GlobalSection(SolutionConfigurationPlatforms) = preSolution
		Debug|Any CPU = Debug|Any CPU
		Release|Any CPU = Release|Any CPU
	EndGlobalSection
	GlobalSection(ProjectConfigurationPlatforms) = postSolution
		{BC78AAE0-BF7B-4329-889D-AC4BDFC0853A}.Debug|Any CPU.ActiveCfg = Debug|Any CPU
		{BC78AAE0-BF7B-4329-889D-AC4BDFC0853A}.Debug|Any CPU.Build.0 = Debug|Any CPU
		{BC78AAE0-BF7B-4329-889D-AC4BDFC0853A}.Release|Any CPU.ActiveCfg = Release|Any CPU
		{BC78AAE0-BF7B-4329-889D-AC4BDFC0853A}.Release|Any CPU.Build.0 = Release|Any CPU
	EndGlobalSection
	GlobalSection(SolutionProperties) = preSolution
		HideSolutionNode = FALSE
	EndGlobalSection
	GlobalSection(ExtensibilityGlobals) = postSolution
		SolutionGuid = {CC5E58EC-1697-42DE-990E-DA397F35CF57}
	EndGlobalSection
EndGlobal
